{
    "requires": true,
    "lockfileVersion": 1,
    "dependencies": {
        "sweetalert2": {
            "version": "11.0.7",
            "resolved": "https://registry.npmjs.org/sweetalert2/-/sweetalert2-11.0.7.tgz",
            "integrity": "sha512-nOIcZIRwBkL7awNSwIcB+ZEEKeB1QCpvQkuHgsJ+RxiM/f2wuYnCSQgENESMUs9sQAds7NdtcDLwIP4Qa1kinw=="
        }
    }
}
